
Microsoft Visual Studio Solution File, Format Version 12.00
# Visual Studio Version 16
VisualStudioVersion = 16.0.30114.105
MinimumVisualStudioVersion = 10.0.40219.1
Project("{FAE04EC0-301F-11D3-BF4B-00C04F79EFBC}") = "client", "client\client.csproj", "{C109C1A5-7B43-4DBA-9634-706D3714F2C8}"
EndProject
Project("{FAE04EC0-301F-11D3-BF4B-00C04F79EFBC}") = "server", "server\server.csproj", "{C84FD5B6-0AD3-48C8-821D-06DF80C96E9F}"
EndProject
Global
	GlobalSection(SolutionConfigurationPlatforms) = preSolution
		Debug|Any CPU = Debug|Any CPU
		Release|Any CPU = Release|Any CPU
	EndGlobalSection
	GlobalSection(SolutionProperties) = preSolution
		HideSolutionNode = FALSE
	EndGlobalSection
	GlobalSection(ProjectConfigurationPlatforms) = postSolution
		{C109C1A5-7B43-4DBA-9634-706D3714F2C8}.Debug|Any CPU.ActiveCfg = Debug|Any CPU
		{C109C1A5-7B43-4DBA-9634-706D3714F2C8}.Debug|Any CPU.Build.0 = Debug|Any CPU
		{C109C1A5-7B43-4DBA-9634-706D3714F2C8}.Release|Any CPU.ActiveCfg = Release|Any CPU
		{C109C1A5-7B43-4DBA-9634-706D3714F2C8}.Release|Any CPU.Build.0 = Release|Any CPU
		{C84FD5B6-0AD3-48C8-821D-06DF80C96E9F}.Debug|Any CPU.ActiveCfg = Debug|Any CPU
		{C84FD5B6-0AD3-48C8-821D-06DF80C96E9F}.Debug|Any CPU.Build.0 = Debug|Any CPU
		{C84FD5B6-0AD3-48C8-821D-06DF80C96E9F}.Release|Any CPU.ActiveCfg = Release|Any CPU
		{C84FD5B6-0AD3-48C8-821D-06DF80C96E9F}.Release|Any CPU.Build.0 = Release|Any CPU
	EndGlobalSection
EndGlobal
